{
  "requires": true,
  "lockfileVersion": 1,
  "dependencies": {
    "bupper": {
      "version": "2.0.0",
      "resolved": "https://registry.npmjs.org/bupper/-/bupper-2.0.0.tgz",
      "integrity": "sha1-NVgI3D6Ohx1C6r8Tw2Xs0Vow63k="
    },
    "dever": {
      "version": "2.0.0",
      "resolved": "https://registry.npmjs.org/dever/-/dever-2.0.0.tgz",
      "integrity": "sha1-5bMiSmFZDcJmC8ll4AFqcsR+kHQ="
    },
    "eventy": {
      "version": "2.0.0",
      "resolved": "https://registry.npmjs.org/eventy/-/eventy-2.0.0.tgz",
      "integrity": "sha1-wdNDskqHo2QQO+MWYXNtMXzO0PU=",
      "requires": {
        "dever": "*"
      }
    },
    "node-http": {
      "version": "0.0.5",
      "resolved": "https://registry.npmjs.org/node-http/-/node-http-0.0.5.tgz",
      "integrity": "sha1-X1Bs+riUIvWe7ty2jotJqi6KUqE=",
      "requires": {
        "bupper": "*",
        "eventy": "*",
        "reges": "*"
      }
    },
    "reges": {
      "version": "0.0.3",
      "resolved": "https://registry.npmjs.org/reges/-/reges-0.0.3.tgz",
      "integrity": "sha1-UOf2QRpEbDtCEI5U0wvFSX097Mc="
    }
  }
}
